# This file is automatically @generated by Poetry 1.8.2 and should not be changed by hand.

[[package]]
name = "cython"
version = "3.0.9"
description = "The Cython compiler for writing C extensions in the Python language."
optional = false
python-versions = ">=2.7, !=3.0.*, !=3.1.*, !=3.2.*, !=3.3.*"
files = [
    {file = "Cython-3.0.9-cp310-cp310-macosx_10_9_x86_64.whl", hash = "sha256:296bd30d4445ac61b66c9d766567f6e81a6e262835d261e903c60c891a6729d3"},
    {file = "Cython-3.0.9-cp310-cp310-manylinux_2_17_aarch64.manylinux2014_aarch64.whl", hash = "sha256:f496b52845cb45568a69d6359a2c335135233003e708ea02155c10ce3548aa89"},
    {file = "Cython-3.0.9-cp310-cp310-manylinux_2_17_x86_64.manylinux2014_x86_64.whl", hash = "sha256:858c3766b9aa3ab8a413392c72bbab1c144a9766b7c7bfdef64e2e414363fa0c"},
    {file = "Cython-3.0.9-cp310-cp310-manylinux_2_5_i686.manylinux1_i686.manylinux_2_17_i686.manylinux2014_i686.whl", hash = "sha256:c0eb1e6ef036028a52525fd9a012a556f6dd4788a0e8755fe864ba0e70cde2ff"},
    {file = "Cython-3.0.9-cp310-cp310-musllinux_1_1_aarch64.whl", hash = "sha256:c8191941073ea5896321de3c8c958fd66e5f304b0cd1f22c59edd0b86c4dd90d"},
    {file = "Cython-3.0.9-cp310-cp310-musllinux_1_1_x86_64.whl", hash = "sha256:e32b016030bc72a8a22a1f21f470a2f57573761a4f00fbfe8347263f4fbdb9f1"},
    {file = "Cython-3.0.9-cp310-cp310-win32.whl", hash = "sha256:d6f3ff1cd6123973fe03e0fb8ee936622f976c0c41138969975824d08886572b"},
    {file = "Cython-3.0.9-cp310-cp310-win_amd64.whl", hash = "sha256:56f3b643dbe14449248bbeb9a63fe3878a24256664bc8c8ef6efd45d102596d8"},
    {file = "Cython-3.0.9-cp311-cp311-macosx_10_9_x86_64.whl", hash = "sha256:35e6665a20d6b8a152d72b7fd87dbb2af6bb6b18a235b71add68122d594dbd41"},
    {file = "Cython-3.0.9-cp311-cp311-manylinux_2_17_aarch64.manylinux2014_aarch64.whl", hash = "sha256:f92f4960c40ad027bd8c364c50db11104eadc59ffeb9e5b7f605ca2f05946e20"},
    {file = "Cython-3.0.9-cp311-cp311-manylinux_2_17_x86_64.manylinux2014_x86_64.whl", hash = "sha256:38df37d0e732fbd9a2fef898788492e82b770c33d1e4ed12444bbc8a3b3f89c0"},
    {file = "Cython-3.0.9-cp311-cp311-manylinux_2_5_i686.manylinux1_i686.manylinux_2_17_i686.manylinux2014_i686.whl", hash = "sha256:ad7fd88ebaeaf2e76fd729a8919fae80dab3d6ac0005e28494261d52ff347a8f"},
    {file = "Cython-3.0.9-cp311-cp311-musllinux_1_1_aarch64.whl", hash = "sha256:1365d5f76bf4d19df3d19ce932584c9bb76e9fb096185168918ef9b36e06bfa4"},
    {file = "Cython-3.0.9-cp311-cp311-musllinux_1_1_x86_64.whl", hash = "sha256:c232e7f279388ac9625c3e5a5a9f0078a9334959c5d6458052c65bbbba895e1e"},
    {file = "Cython-3.0.9-cp311-cp311-win32.whl", hash = "sha256:357e2fad46a25030b0c0496487e01a9dc0fdd0c09df0897f554d8ba3c1bc4872"},
    {file = "Cython-3.0.9-cp311-cp311-win_amd64.whl", hash = "sha256:1315aee506506e8d69cf6631d8769e6b10131fdcc0eb66df2698f2a3ddaeeff2"},
    {file = "Cython-3.0.9-cp312-cp312-macosx_10_9_x86_64.whl", hash = "sha256:157973807c2796addbed5fbc4d9c882ab34bbc60dc297ca729504901479d5df7"},
    {file = "Cython-3.0.9-cp312-cp312-manylinux_2_17_aarch64.manylinux2014_aarch64.whl", hash = "sha256:00b105b5d050645dd59e6767bc0f18b48a4aa11c85f42ec7dd8181606f4059e3"},
    {file = "Cython-3.0.9-cp312-cp312-manylinux_2_17_x86_64.manylinux2014_x86_64.whl", hash = "sha256:ac5536d09bef240cae0416d5a703d298b74c7bbc397da803ac9d344e732d4369"},
    {file = "Cython-3.0.9-cp312-cp312-manylinux_2_5_i686.manylinux1_i686.manylinux_2_17_i686.manylinux2014_i686.whl", hash = "sha256:09c44501d476d16aaa4cbc29c87f8c0f54fc20e69b650d59cbfa4863426fc70c"},
    {file = "Cython-3.0.9-cp312-cp312-musllinux_1_1_aarch64.whl", hash = "sha256:cc9c3b9f20d8e298618e5ccd32083ca386e785b08f9893fbec4c50b6b85be772"},
    {file = "Cython-3.0.9-cp312-cp312-musllinux_1_1_x86_64.whl", hash = "sha256:a30d96938c633e3ec37000ac3796525da71254ef109e66bdfd78f29891af6454"},
    {file = "Cython-3.0.9-cp312-cp312-win32.whl", hash = "sha256:757ca93bdd80702546df4d610d2494ef2e74249cac4d5ba9464589fb464bd8a3"},
    {file = "Cython-3.0.9-cp312-cp312-win_amd64.whl", hash = "sha256:1dc320a9905ab95414013f6de805efbff9e17bb5fb3b90bbac533f017bec8136"},
    {file = "Cython-3.0.9-cp36-cp36m-macosx_10_9_x86_64.whl", hash = "sha256:4ae349960ebe0da0d33724eaa7f1eb866688fe5434cc67ce4dbc06d6a719fbfc"},
    {file = "Cython-3.0.9-cp36-cp36m-manylinux_2_17_aarch64.manylinux2014_aarch64.whl", hash = "sha256:63d2537bf688247f76ded6dee28ebd26274f019309aef1eb4f2f9c5c482fde2d"},
    {file = "Cython-3.0.9-cp36-cp36m-manylinux_2_17_x86_64.manylinux2014_x86_64.whl", hash = "sha256:36f5a2dfc724bea1f710b649f02d802d80fc18320c8e6396684ba4a48412445a"},
    {file = "Cython-3.0.9-cp36-cp36m-manylinux_2_5_i686.manylinux1_i686.manylinux_2_17_i686.manylinux2014_i686.whl", hash = "sha256:deaf4197d4b0bcd5714a497158ea96a2bd6d0f9636095437448f7e06453cc83d"},
    {file = "Cython-3.0.9-cp36-cp36m-musllinux_1_1_aarch64.whl", hash = "sha256:000af6deb7412eb7ac0c635ff5e637fb8725dd0a7b88cc58dfc2b3de14e701c4"},
    {file = "Cython-3.0.9-cp36-cp36m-musllinux_1_1_x86_64.whl", hash = "sha256:15c7f5c2d35bed9aa5f2a51eaac0df23ae72f2dbacf62fc672dd6bfaa75d2d6f"},
    {file = "Cython-3.0.9-cp36-cp36m-win32.whl", hash = "sha256:f49aa4970cd3bec66ac22e701def16dca2a49c59cceba519898dd7526e0be2c0"},
    {file = "Cython-3.0.9-cp36-cp36m-win_amd64.whl", hash = "sha256:4558814fa025b193058d42eeee498a53d6b04b2980d01339fc2444b23fd98e58"},
    {file = "Cython-3.0.9-cp37-cp37m-macosx_10_9_x86_64.whl", hash = "sha256:539cd1d74fd61f6cfc310fa6bbbad5adc144627f2b7486a07075d4e002fd6aad"},
    {file = "Cython-3.0.9-cp37-cp37m-manylinux_2_17_aarch64.manylinux2014_aarch64.whl", hash = "sha256:c3232926cd406ee02eabb732206f6e882c3aed9d58f0fea764013d9240405bcf"},
    {file = "Cython-3.0.9-cp37-cp37m-manylinux_2_17_x86_64.manylinux2014_x86_64.whl", hash = "sha256:33b6ac376538a7fc8c567b85d3c71504308a9318702ec0485dd66c059f3165cb"},
    {file = "Cython-3.0.9-cp37-cp37m-manylinux_2_5_i686.manylinux1_i686.manylinux_2_17_i686.manylinux2014_i686.whl", hash = "sha256:2cc92504b5d22ac66031ffb827bd3a967fc75a5f0f76ab48bce62df19be6fdfd"},
    {file = "Cython-3.0.9-cp37-cp37m-musllinux_1_1_aarch64.whl", hash = "sha256:22b8fae756c5c0d8968691bed520876de452f216c28ec896a00739a12dba3bd9"},
    {file = "Cython-3.0.9-cp37-cp37m-musllinux_1_1_x86_64.whl", hash = "sha256:9cda0d92a09f3520f29bd91009f1194ba9600777c02c30c6d2d4ac65fb63e40d"},
    {file = "Cython-3.0.9-cp37-cp37m-win32.whl", hash = "sha256:ec612418490941ed16c50c8d3784c7bdc4c4b2a10c361259871790b02ec8c1db"},
    {file = "Cython-3.0.9-cp37-cp37m-win_amd64.whl", hash = "sha256:976c8d2bedc91ff6493fc973d38b2dc01020324039e2af0e049704a8e1b22936"},
    {file = "Cython-3.0.9-cp38-cp38-macosx_10_9_x86_64.whl", hash = "sha256:5055988b007c92256b6e9896441c3055556038c3497fcbf8c921a6c1fce90719"},
    {file = "Cython-3.0.9-cp38-cp38-manylinux_2_17_aarch64.manylinux2014_aarch64.whl", hash = "sha256:d9360606d964c2d0492a866464efcf9d0a92715644eede3f6a2aa696de54a137"},
    {file = "Cython-3.0.9-cp38-cp38-manylinux_2_17_x86_64.manylinux2014_x86_64.whl", hash = "sha256:02c6e809f060bed073dc7cba1648077fe3b68208863d517c8b39f3920eecf9dd"},
    {file = "Cython-3.0.9-cp38-cp38-manylinux_2_5_i686.manylinux1_i686.manylinux_2_17_i686.manylinux2014_i686.whl", hash = "sha256:95ed792c966f969cea7489c32ff90150b415c1f3567db8d5a9d489c7c1602dac"},
    {file = "Cython-3.0.9-cp38-cp38-musllinux_1_1_aarch64.whl", hash = "sha256:8edd59d22950b400b03ca78d27dc694d2836a92ef0cac4f64cb4b2ff902f7e25"},
    {file = "Cython-3.0.9-cp38-cp38-musllinux_1_1_x86_64.whl", hash = "sha256:4cf0ed273bf60e97922fcbbdd380c39693922a597760160b4b4355e6078ca188"},
    {file = "Cython-3.0.9-cp38-cp38-win32.whl", hash = "sha256:5eb9bd4ae12ebb2bc79a193d95aacf090fbd8d7013e11ed5412711650cb34934"},
    {file = "Cython-3.0.9-cp38-cp38-win_amd64.whl", hash = "sha256:44457279da56e0f829bb1fc5a5dc0836e5d498dbcf9b2324f32f7cc9d2ec6569"},
    {file = "Cython-3.0.9-cp39-cp39-macosx_10_9_x86_64.whl", hash = "sha256:c4b419a1adc2af43f4660e2f6eaf1e4fac2dbac59490771eb8ac3d6063f22356"},
    {file = "Cython-3.0.9-cp39-cp39-manylinux_2_17_aarch64.manylinux2014_aarch64.whl", hash = "sha256:4f836192140f033b2319a0128936367c295c2b32e23df05b03b672a6015757ea"},
    {file = "Cython-3.0.9-cp39-cp39-manylinux_2_17_x86_64.manylinux2014_x86_64.whl", hash = "sha256:2fd198c1a7f8e9382904d622cc0efa3c184605881fd5262c64cbb7168c4c1ec5"},
    {file = "Cython-3.0.9-cp39-cp39-manylinux_2_5_i686.manylinux1_i686.manylinux_2_17_i686.manylinux2014_i686.whl", hash = "sha256:a274fe9ca5c53fafbcf5c8f262f8ad6896206a466f0eeb40aaf36a7951e957c0"},
    {file = "Cython-3.0.9-cp39-cp39-musllinux_1_1_aarch64.whl", hash = "sha256:158c38360bbc5063341b1e78d3737f1251050f89f58a3df0d10fb171c44262be"},
    {file = "Cython-3.0.9-cp39-cp39-musllinux_1_1_x86_64.whl", hash = "sha256:8bf30b045f7deda0014b042c1b41c1d272facc762ab657529e3b05505888e878"},
    {file = "Cython-3.0.9-cp39-cp39-win32.whl", hash = "sha256:9a001fd95c140c94d934078544ff60a3c46aca2dc86e75a76e4121d3cd1f4b33"},
    {file = "Cython-3.0.9-cp39-cp39-win_amd64.whl", hash = "sha256:530c01c4aebba709c0ec9c7ecefe07177d0b9fd7ffee29450a118d92192ccbdf"},
    {file = "Cython-3.0.9-py2.py3-none-any.whl", hash = "sha256:bf96417714353c5454c2e3238fca9338599330cf51625cdc1ca698684465646f"},
    {file = "Cython-3.0.9.tar.gz", hash = "sha256:a2d354f059d1f055d34cfaa62c5b68bc78ac2ceab6407148d47fb508cf3ba4f3"},
]

[[package]]
name = "numpy"
version = "1.21.6"
description = "NumPy is the fundamental package for array computing with Python."
optional = false
python-versions = ">=3.7,<3.11"
files = [
    {file = "numpy-1.21.6-cp310-cp310-macosx_10_9_universal2.whl", hash = "sha256:8737609c3bbdd48e380d463134a35ffad3b22dc56295eff6f79fd85bd0eeeb25"},
    {file = "numpy-1.21.6-cp310-cp310-macosx_10_9_x86_64.whl", hash = "sha256:fdffbfb6832cd0b300995a2b08b8f6fa9f6e856d562800fea9182316d99c4e8e"},
    {file = "numpy-1.21.6-cp310-cp310-macosx_11_0_arm64.whl", hash = "sha256:3820724272f9913b597ccd13a467cc492a0da6b05df26ea09e78b171a0bb9da6"},
    {file = "numpy-1.21.6-cp310-cp310-manylinux_2_17_aarch64.manylinux2014_aarch64.whl", hash = "sha256:f17e562de9edf691a42ddb1eb4a5541c20dd3f9e65b09ded2beb0799c0cf29bb"},
    {file = "numpy-1.21.6-cp310-cp310-manylinux_2_17_x86_64.manylinux2014_x86_64.whl", hash = "sha256:5f30427731561ce75d7048ac254dbe47a2ba576229250fb60f0fb74db96501a1"},
    {file = "numpy-1.21.6-cp310-cp310-win32.whl", hash = "sha256:d4bf4d43077db55589ffc9009c0ba0a94fa4908b9586d6ccce2e0b164c86303c"},
    {file = "numpy-1.21.6-cp310-cp310-win_amd64.whl", hash = "sha256:d136337ae3cc69aa5e447e78d8e1514be8c3ec9b54264e680cf0b4bd9011574f"},
    {file = "numpy-1.21.6-cp37-cp37m-macosx_10_9_x86_64.whl", hash = "sha256:6aaf96c7f8cebc220cdfc03f1d5a31952f027dda050e5a703a0d1c396075e3e7"},
    {file = "numpy-1.21.6-cp37-cp37m-manylinux_2_12_i686.manylinux2010_i686.whl", hash = "sha256:67c261d6c0a9981820c3a149d255a76918278a6b03b6a036800359aba1256d46"},
    {file = "numpy-1.21.6-cp37-cp37m-manylinux_2_12_x86_64.manylinux2010_x86_64.whl", hash = "sha256:a6be4cb0ef3b8c9250c19cc122267263093eee7edd4e3fa75395dfda8c17a8e2"},
    {file = "numpy-1.21.6-cp37-cp37m-manylinux_2_17_aarch64.manylinux2014_aarch64.whl", hash = "sha256:7c4068a8c44014b2d55f3c3f574c376b2494ca9cc73d2f1bd692382b6dffe3db"},
    {file = "numpy-1.21.6-cp37-cp37m-win32.whl", hash = "sha256:7c7e5fa88d9ff656e067876e4736379cc962d185d5cd808014a8a928d529ef4e"},
    {file = "numpy-1.21.6-cp37-cp37m-win_amd64.whl", hash = "sha256:bcb238c9c96c00d3085b264e5c1a1207672577b93fa666c3b14a45240b14123a"},
    {file = "numpy-1.21.6-cp38-cp38-macosx_10_9_universal2.whl", hash = "sha256:82691fda7c3f77c90e62da69ae60b5ac08e87e775b09813559f8901a88266552"},
    {file = "numpy-1.21.6-cp38-cp38-macosx_10_9_x86_64.whl", hash = "sha256:643843bcc1c50526b3a71cd2ee561cf0d8773f062c8cbaf9ffac9fdf573f83ab"},
    {file = "numpy-1.21.6-cp38-cp38-macosx_11_0_arm64.whl", hash = "sha256:357768c2e4451ac241465157a3e929b265dfac85d9214074985b1786244f2ef3"},
    {file = "numpy-1.21.6-cp38-cp38-manylinux_2_12_i686.manylinux2010_i686.whl", hash = "sha256:9f411b2c3f3d76bba0865b35a425157c5dcf54937f82bbeb3d3c180789dd66a6"},
    {file = "numpy-1.21.6-cp38-cp38-manylinux_2_12_x86_64.manylinux2010_x86_64.whl", hash = "sha256:4aa48afdce4660b0076a00d80afa54e8a97cd49f457d68a4342d188a09451c1a"},
    {file = "numpy-1.21.6-cp38-cp38-manylinux_2_17_aarch64.manylinux2014_aarch64.whl", hash = "sha256:d6a96eef20f639e6a97d23e57dd0c1b1069a7b4fd7027482a4c5c451cd7732f4"},
    {file = "numpy-1.21.6-cp38-cp38-win32.whl", hash = "sha256:5c3c8def4230e1b959671eb959083661b4a0d2e9af93ee339c7dada6759a9470"},
    {file = "numpy-1.21.6-cp38-cp38-win_amd64.whl", hash = "sha256:bf2ec4b75d0e9356edea834d1de42b31fe11f726a81dfb2c2112bc1eaa508fcf"},
    {file = "numpy-1.21.6-cp39-cp39-macosx_10_9_universal2.whl", hash = "sha256:4391bd07606be175aafd267ef9bea87cf1b8210c787666ce82073b05f202add1"},
    {file = "numpy-1.21.6-cp39-cp39-macosx_10_9_x86_64.whl", hash = "sha256:67f21981ba2f9d7ba9ade60c9e8cbaa8cf8e9ae51673934480e45cf55e953673"},
    {file = "numpy-1.21.6-cp39-cp39-macosx_11_0_arm64.whl", hash = "sha256:ee5ec40fdd06d62fe5d4084bef4fd50fd4bb6bfd2bf519365f569dc470163ab0"},
    {file = "numpy-1.21.6-cp39-cp39-manylinux_2_12_i686.manylinux2010_i686.whl", hash = "sha256:1dbe1c91269f880e364526649a52eff93ac30035507ae980d2fed33aaee633ac"},
    {file = "numpy-1.21.6-cp39-cp39-manylinux_2_12_x86_64.manylinux2010_x86_64.whl", hash = "sha256:d9caa9d5e682102453d96a0ee10c7241b72859b01a941a397fd965f23b3e016b"},
    {file = "numpy-1.21.6-cp39-cp39-manylinux_2_17_aarch64.manylinux2014_aarch64.whl", hash = "sha256:58459d3bad03343ac4b1b42ed14d571b8743dc80ccbf27444f266729df1d6f5b"},
    {file = "numpy-1.21.6-cp39-cp39-win32.whl", hash = "sha256:7f5ae4f304257569ef3b948810816bc87c9146e8c446053539947eedeaa32786"},
    {file = "numpy-1.21.6-cp39-cp39-win_amd64.whl", hash = "sha256:e31f0bb5928b793169b87e3d1e070f2342b22d5245c755e2b81caa29756246c3"},
    {file = "numpy-1.21.6-pp37-pypy37_pp73-manylinux_2_12_x86_64.manylinux2010_x86_64.whl", hash = "sha256:dd1c8f6bd65d07d3810b90d02eba7997e32abbdf1277a481d698969e921a3be0"},
    {file = "numpy-1.21.6.zip", hash = "sha256:ecb55251139706669fdec2ff073c98ef8e9a84473e51e716211b41aa0f18e656"},
]

[[package]]
name = "numpy"
version = "1.24.4"
description = "Fundamental package for array computing in Python"
optional = false
python-versions = ">=3.8"
files = [
    {file = "numpy-1.24.4-cp310-cp310-macosx_10_9_x86_64.whl", hash = "sha256:c0bfb52d2169d58c1cdb8cc1f16989101639b34c7d3ce60ed70b19c63eba0b64"},
    {file = "numpy-1.24.4-cp310-cp310-macosx_11_0_arm64.whl", hash = "sha256:ed094d4f0c177b1b8e7aa9cba7d6ceed51c0e569a5318ac0ca9a090680a6a1b1"},
    {file = "numpy-1.24.4-cp310-cp310-manylinux_2_17_aarch64.manylinux2014_aarch64.whl", hash = "sha256:79fc682a374c4a8ed08b331bef9c5f582585d1048fa6d80bc6c35bc384eee9b4"},
    {file = "numpy-1.24.4-cp310-cp310-manylinux_2_17_x86_64.manylinux2014_x86_64.whl", hash = "sha256:7ffe43c74893dbf38c2b0a1f5428760a1a9c98285553c89e12d70a96a7f3a4d6"},
    {file = "numpy-1.24.4-cp310-cp310-win32.whl", hash = "sha256:4c21decb6ea94057331e111a5bed9a79d335658c27ce2adb580fb4d54f2ad9bc"},
    {file = "numpy-1.24.4-cp310-cp310-win_amd64.whl", hash = "sha256:b4bea75e47d9586d31e892a7401f76e909712a0fd510f58f5337bea9572c571e"},
    {file = "numpy-1.24.4-cp311-cp311-macosx_10_9_x86_64.whl", hash = "sha256:f136bab9c2cfd8da131132c2cf6cc27331dd6fae65f95f69dcd4ae3c3639c810"},
    {file = "numpy-1.24.4-cp311-cp311-macosx_11_0_arm64.whl", hash = "sha256:e2926dac25b313635e4d6cf4dc4e51c8c0ebfed60b801c799ffc4c32bf3d1254"},
    {file = "numpy-1.24.4-cp311-cp311-manylinux_2_17_aarch64.manylinux2014_aarch64.whl", hash = "sha256:222e40d0e2548690405b0b3c7b21d1169117391c2e82c378467ef9ab4c8f0da7"},
    {file = "numpy-1.24.4-cp311-cp311-manylinux_2_17_x86_64.manylinux2014_x86_64.whl", hash = "sha256:7215847ce88a85ce39baf9e89070cb860c98fdddacbaa6c0da3ffb31b3350bd5"},
    {file = "numpy-1.24.4-cp311-cp311-win32.whl", hash = "sha256:4979217d7de511a8d57f4b4b5b2b965f707768440c17cb70fbf254c4b225238d"},
    {file = "numpy-1.24.4-cp311-cp311-win_amd64.whl", hash = "sha256:b7b1fc9864d7d39e28f41d089bfd6353cb5f27ecd9905348c24187a768c79694"},
    {file = "numpy-1.24.4-cp38-cp38-macosx_10_9_x86_64.whl", hash = "sha256:1452241c290f3e2a312c137a9999cdbf63f78864d63c79039bda65ee86943f61"},
    {file = "numpy-1.24.4-cp38-cp38-macosx_11_0_arm64.whl", hash = "sha256:04640dab83f7c6c85abf9cd729c5b65f1ebd0ccf9de90b270cd61935eef0197f"},
    {file = "numpy-1.24.4-cp38-cp38-manylinux_2_17_aarch64.manylinux2014_aarch64.whl", hash = "sha256:a5425b114831d1e77e4b5d812b69d11d962e104095a5b9c3b641a218abcc050e"},
    {file = "numpy-1.24.4-cp38-cp38-manylinux_2_17_x86_64.manylinux2014_x86_64.whl", hash = "sha256:dd80e219fd4c71fc3699fc1dadac5dcf4fd882bfc6f7ec53d30fa197b8ee22dc"},
    {file = "numpy-1.24.4-cp38-cp38-win32.whl", hash = "sha256:4602244f345453db537be5314d3983dbf5834a9701b7723ec28923e2889e0bb2"},
    {file = "numpy-1.24.4-cp38-cp38-win_amd64.whl", hash = "sha256:692f2e0f55794943c5bfff12b3f56f99af76f902fc47487bdfe97856de51a706"},
    {file = "numpy-1.24.4-cp39-cp39-macosx_10_9_x86_64.whl", hash = "sha256:2541312fbf09977f3b3ad449c4e5f4bb55d0dbf79226d7724211acc905049400"},
    {file = "numpy-1.24.4-cp39-cp39-macosx_11_0_arm64.whl", hash = "sha256:9667575fb6d13c95f1b36aca12c5ee3356bf001b714fc354eb5465ce1609e62f"},
    {file = "numpy-1.24.4-cp39-cp39-manylinux_2_17_aarch64.manylinux2014_aarch64.whl", hash = "sha256:f3a86ed21e4f87050382c7bc96571755193c4c1392490744ac73d660e8f564a9"},
    {file = "numpy-1.24.4-cp39-cp39-manylinux_2_17_x86_64.manylinux2014_x86_64.whl", hash = "sha256:d11efb4dbecbdf22508d55e48d9c8384db795e1b7b51ea735289ff96613ff74d"},
    {file = "numpy-1.24.4-cp39-cp39-win32.whl", hash = "sha256:6620c0acd41dbcb368610bb2f4d83145674040025e5536954782467100aa8835"},
    {file = "numpy-1.24.4-cp39-cp39-win_amd64.whl", hash = "sha256:befe2bf740fd8373cf56149a5c23a0f601e82869598d41f8e188a0e9869926f8"},
    {file = "numpy-1.24.4-pp38-pypy38_pp73-macosx_10_9_x86_64.whl", hash = "sha256:31f13e25b4e304632a4619d0e0777662c2ffea99fcae2029556b17d8ff958aef"},
    {file = "numpy-1.24.4-pp38-pypy38_pp73-manylinux_2_17_x86_64.manylinux2014_x86_64.whl", hash = "sha256:95f7ac6540e95bc440ad77f56e520da5bf877f87dca58bd095288dce8940532a"},
    {file = "numpy-1.24.4-pp38-pypy38_pp73-win_amd64.whl", hash = "sha256:e98f220aa76ca2a977fe435f5b04d7b3470c0a2e6312907b37ba6068f26787f2"},
    {file = "numpy-1.24.4.tar.gz", hash = "sha256:80f5e3a4e498641401868df4208b74581206afbee7cf7b8329daae82676d9463"},
]

[[package]]
name = "numpy"
version = "1.26.4"
description = "Fundamental package for array computing in Python"
optional = false
python-versions = ">=3.9"
files = [
    {file = "numpy-1.26.4-cp310-cp310-macosx_10_9_x86_64.whl", hash = "sha256:9ff0f4f29c51e2803569d7a51c2304de5554655a60c5d776e35b4a41413830d0"},
    {file = "numpy-1.26.4-cp310-cp310-macosx_11_0_arm64.whl", hash = "sha256:2e4ee3380d6de9c9ec04745830fd9e2eccb3e6cf790d39d7b98ffd19b0dd754a"},
    {file = "numpy-1.26.4-cp310-cp310-manylinux_2_17_aarch64.manylinux2014_aarch64.whl", hash = "sha256:d209d8969599b27ad20994c8e41936ee0964e6da07478d6c35016bc386b66ad4"},
    {file = "numpy-1.26.4-cp310-cp310-manylinux_2_17_x86_64.manylinux2014_x86_64.whl", hash = "sha256:ffa75af20b44f8dba823498024771d5ac50620e6915abac414251bd971b4529f"},
    {file = "numpy-1.26.4-cp310-cp310-musllinux_1_1_aarch64.whl", hash = "sha256:62b8e4b1e28009ef2846b4c7852046736bab361f7aeadeb6a5b89ebec3c7055a"},
    {file = "numpy-1.26.4-cp310-cp310-musllinux_1_1_x86_64.whl", hash = "sha256:a4abb4f9001ad2858e7ac189089c42178fcce737e4169dc61321660f1a96c7d2"},
    {file = "numpy-1.26.4-cp310-cp310-win32.whl", hash = "sha256:bfe25acf8b437eb2a8b2d49d443800a5f18508cd811fea3181723922a8a82b07"},
    {file = "numpy-1.26.4-cp310-cp310-win_amd64.whl", hash = "sha256:b97fe8060236edf3662adfc2c633f56a08ae30560c56310562cb4f95500022d5"},
    {file = "numpy-1.26.4-cp311-cp311-macosx_10_9_x86_64.whl", hash = "sha256:4c66707fabe114439db9068ee468c26bbdf909cac0fb58686a42a24de1760c71"},
    {file = "numpy-1.26.4-cp311-cp311-macosx_11_0_arm64.whl", hash = "sha256:edd8b5fe47dab091176d21bb6de568acdd906d1887a4584a15a9a96a1dca06ef"},
    {file = "numpy-1.26.4-cp311-cp311-manylinux_2_17_aarch64.manylinux2014_aarch64.whl", hash = "sha256:7ab55401287bfec946ced39700c053796e7cc0e3acbef09993a9ad2adba6ca6e"},
    {file = "numpy-1.26.4-cp311-cp311-manylinux_2_17_x86_64.manylinux2014_x86_64.whl", hash = "sha256:666dbfb6ec68962c033a450943ded891bed2d54e6755e35e5835d63f4f6931d5"},
    {file = "numpy-1.26.4-cp311-cp311-musllinux_1_1_aarch64.whl", hash = "sha256:96ff0b2ad353d8f990b63294c8986f1ec3cb19d749234014f4e7eb0112ceba5a"},
    {file = "numpy-1.26.4-cp311-cp311-musllinux_1_1_x86_64.whl", hash = "sha256:60dedbb91afcbfdc9bc0b1f3f402804070deed7392c23eb7a7f07fa857868e8a"},
    {file = "numpy-1.26.4-cp311-cp311-win32.whl", hash = "sha256:1af303d6b2210eb850fcf03064d364652b7120803a0b872f5211f5234b399f20"},
    {file = "numpy-1.26.4-cp311-cp311-win_amd64.whl", hash = "sha256:cd25bcecc4974d09257ffcd1f098ee778f7834c3ad767fe5db785be9a4aa9cb2"},
    {file = "numpy-1.26.4-cp312-cp312-macosx_10_9_x86_64.whl", hash = "sha256:b3ce300f3644fb06443ee2222c2201dd3a89ea6040541412b8fa189341847218"},
    {file = "numpy-1.26.4-cp312-cp312-macosx_11_0_arm64.whl", hash = "sha256:03a8c78d01d9781b28a6989f6fa1bb2c4f2d51201cf99d3dd875df6fbd96b23b"},
    {file = "numpy-1.26.4-cp312-cp312-manylinux_2_17_aarch64.manylinux2014_aarch64.whl", hash = "sha256:9fad7dcb1aac3c7f0584a5a8133e3a43eeb2fe127f47e3632d43d677c66c102b"},
    {file = "numpy-1.26.4-cp312-cp312-manylinux_2_17_x86_64.manylinux2014_x86_64.whl", hash = "sha256:675d61ffbfa78604709862923189bad94014bef562cc35cf61d3a07bba02a7ed"},
    {file = "numpy-1.26.4-cp312-cp312-musllinux_1_1_aarch64.whl", hash = "sha256:ab47dbe5cc8210f55aa58e4805fe224dac469cde56b9f731a4c098b91917159a"},
    {file = "numpy-1.26.4-cp312-cp312-musllinux_1_1_x86_64.whl", hash = "sha256:1dda2e7b4ec9dd512f84935c5f126c8bd8b9f2fc001e9f54af255e8c5f16b0e0"},
    {file = "numpy-1.26.4-cp312-cp312-win32.whl", hash = "sha256:50193e430acfc1346175fcbdaa28ffec49947a06918b7b92130744e81e640110"},
    {file = "numpy-1.26.4-cp312-cp312-win_amd64.whl", hash = "sha256:08beddf13648eb95f8d867350f6a018a4be2e5ad54c8d8caed89ebca558b2818"},
    {file = "numpy-1.26.4-cp39-cp39-macosx_10_9_x86_64.whl", hash = "sha256:7349ab0fa0c429c82442a27a9673fc802ffdb7c7775fad780226cb234965e53c"},
    {file = "numpy-1.26.4-cp39-cp39-macosx_11_0_arm64.whl", hash = "sha256:52b8b60467cd7dd1e9ed082188b4e6bb35aa5cdd01777621a1658910745b90be"},
    {file = "numpy-1.26.4-cp39-cp39-manylinux_2_17_aarch64.manylinux2014_aarch64.whl", hash = "sha256:d5241e0a80d808d70546c697135da2c613f30e28251ff8307eb72ba696945764"},
    {file = "numpy-1.26.4-cp39-cp39-manylinux_2_17_x86_64.manylinux2014_x86_64.whl", hash = "sha256:f870204a840a60da0b12273ef34f7051e98c3b5961b61b0c2c1be6dfd64fbcd3"},
    {file = "numpy-1.26.4-cp39-cp39-musllinux_1_1_aarch64.whl", hash = "sha256:679b0076f67ecc0138fd2ede3a8fd196dddc2ad3254069bcb9faf9a79b1cebcd"},
    {file = "numpy-1.26.4-cp39-cp39-musllinux_1_1_x86_64.whl", hash = "sha256:47711010ad8555514b434df65f7d7b076bb8261df1ca9bb78f53d3b2db02e95c"},
    {file = "numpy-1.26.4-cp39-cp39-win32.whl", hash = "sha256:a354325ee03388678242a4d7ebcd08b5c727033fcff3b2f536aea978e15ee9e6"},
    {file = "numpy-1.26.4-cp39-cp39-win_amd64.whl", hash = "sha256:3373d5d70a5fe74a2c1bb6d2cfd9609ecf686d47a2d7b1d37a8f3b6bf6003aea"},
    {file = "numpy-1.26.4-pp39-pypy39_pp73-macosx_10_9_x86_64.whl", hash = "sha256:afedb719a9dcfc7eaf2287b839d8198e06dcd4cb5d276a3df279231138e83d30"},
    {file = "numpy-1.26.4-pp39-pypy39_pp73-manylinux_2_17_x86_64.manylinux2014_x86_64.whl", hash = "sha256:95a7476c59002f2f6c590b9b7b998306fba6a5aa646b1e22ddfeaf8f78c3a29c"},
    {file = "numpy-1.26.4-pp39-pypy39_pp73-win_amd64.whl", hash = "sha256:7e50d0a0cc3189f9cb0aeb3a6a6af18c16f59f004b866cd2be1c14b36134a4a0"},
    {file = "numpy-1.26.4.tar.gz", hash = "sha256:2a02aba9ed12e4ac4eb3ea9421c420301a0c6460d9830d74a9df87efa4912010"},
]

[metadata]
lock-version = "2.0"
python-versions = "^3.7"
content-hash = "f64a84589ebeed1b6b09ac0dec2ac75e8bb0635cd873560ce48f3d67ffebc6a7"
